
Microsoft Visual Studio Solution File, Format Version 12.00
Project("{FAE04EC0-301F-11D3-BF4B-00C04F79EFBC}") = "tries-data-structure", "tries-data-structure\tries-data-structure.csproj", "{CFB46306-2A72-4EBB-90CB-05EDA8BE11B9}"
EndProject
Global
	GlobalSection(SolutionConfigurationPlatforms) = preSolution
		Debug|Any CPU = Debug|Any CPU
		Release|Any CPU = Release|Any CPU
	EndGlobalSection
	GlobalSection(ProjectConfigurationPlatforms) = postSolution
		{CFB46306-2A72-4EBB-90CB-05EDA8BE11B9}.Debug|Any CPU.ActiveCfg = Debug|Any CPU
		{CFB46306-2A72-4EBB-90CB-05EDA8BE11B9}.Debug|Any CPU.Build.0 = Debug|Any CPU
		{CFB46306-2A72-4EBB-90CB-05EDA8BE11B9}.Release|Any CPU.ActiveCfg = Release|Any CPU
		{CFB46306-2A72-4EBB-90CB-05EDA8BE11B9}.Release|Any CPU.Build.0 = Release|Any CPU
	EndGlobalSection
EndGlobal
